
Microsoft Visual Studio Solution File, Format Version 12.00
# Visual Studio Version 17
VisualStudioVersion = 17.6.33815.320
MinimumVisualStudioVersion = 10.0.40219.1
Project("{FAE04EC0-301F-11D3-BF4B-00C04F79EFBC}") = "KafkaStream.Producer", "KafkaStream.Producer\KafkaStream.Producer.csproj", "{42FCDD35-7D26-4EC1-82B8-33F381041476}"
EndProject
Project("{FAE04EC0-301F-11D3-BF4B-00C04F79EFBC}") = "KafkaStream.Consumer", "KafkaStream.Consumer\KafkaStream.Consumer.csproj", "{7915EBC2-5CBB-4337-A3CD-73D7CEB857BD}"
EndProject
Global
	GlobalSection(SolutionConfigurationPlatforms) = preSolution
		Debug|Any CPU = Debug|Any CPU
		Release|Any CPU = Release|Any CPU
	EndGlobalSection
	GlobalSection(ProjectConfigurationPlatforms) = postSolution
		{42FCDD35-7D26-4EC1-82B8-33F381041476}.Debug|Any CPU.ActiveCfg = Debug|Any CPU
		{42FCDD35-7D26-4EC1-82B8-33F381041476}.Debug|Any CPU.Build.0 = Debug|Any CPU
		{42FCDD35-7D26-4EC1-82B8-33F381041476}.Release|Any CPU.ActiveCfg = Release|Any CPU
		{42FCDD35-7D26-4EC1-82B8-33F381041476}.Release|Any CPU.Build.0 = Release|Any CPU
		{7915EBC2-5CBB-4337-A3CD-73D7CEB857BD}.Debug|Any CPU.ActiveCfg = Debug|Any CPU
		{7915EBC2-5CBB-4337-A3CD-73D7CEB857BD}.Debug|Any CPU.Build.0 = Debug|Any CPU
		{7915EBC2-5CBB-4337-A3CD-73D7CEB857BD}.Release|Any CPU.ActiveCfg = Release|Any CPU
		{7915EBC2-5CBB-4337-A3CD-73D7CEB857BD}.Release|Any CPU.Build.0 = Release|Any CPU
	EndGlobalSection
	GlobalSection(SolutionProperties) = preSolution
		HideSolutionNode = FALSE
	EndGlobalSection
	GlobalSection(ExtensibilityGlobals) = postSolution
		SolutionGuid = {476FB5CD-3993-4C5A-93BF-68375C88FCE7}
	EndGlobalSection
EndGlobal
